{
  "name": "tensorflowjs",
  "version": "1.0.0",
  "lockfileVersion": 1,
  "requires": true,
  "dependencies": {
    "@tensorflow-models/posenet": {
      "version": "2.2.2",
      "resolved": "https://repo.huaweicloud.com/repository/npm/@tensorflow-models/posenet/-/posenet-2.2.2.tgz",
      "integrity": "sha512-0SXIksRet/IdX7WVH+JSD6W3upkGHix1hwtd3xykIoIMGR7zQ4SC5+wZcNt9ofASyxNYQoI+tUULUo4LNw0c3w=="
    },
    "@tensorflow/tfjs-backend-cpu": {
      "version": "3.18.0",
      "resolved": "https://repo.huaweicloud.com/repository/npm/@tensorflow/tfjs-backend-cpu/-/tfjs-backend-cpu-3.18.0.tgz",
      "integrity": "sha512-LcSqlylzGtpgngcMFIL3q9Q3eVaPRJ7ITZt7ivhzkCj4R5ZsnPa9qM3DCVihkQ77heAwSw4hPTo2jp5C4mJ4Cg==",
      "requires": {
        "@types/seedrandom": "2.4.27",
        "seedrandom": "2.4.3"
      }
    },
    "@tensorflow/tfjs-backend-webgl": {
      "version": "3.18.0",
      "resolved": "https://repo.huaweicloud.com/repository/npm/@tensorflow/tfjs-backend-webgl/-/tfjs-backend-webgl-3.18.0.tgz",
      "integrity": "sha512-3NknSzS1oX2BEBOrpjPMZl823S12RgshQthmIbG6QADHb4bCJA8aM4UjWpw+3bNQnRKbRDQdFbuvj10Un79s2A==",
      "requires": {
        "@tensorflow/tfjs-backend-cpu": "3.18.0",
        "@types/offscreencanvas": "~2019.3.0",
        "@types/seedrandom": "2.4.27",
        "@types/webgl-ext": "0.0.30",
        "@types/webgl2": "0.0.6",
        "seedrandom": "2.4.3"
      }
    },
    "@tensorflow/tfjs-converter": {
      "version": "3.18.0",
      "resolved": "https://repo.huaweicloud.com/repository/npm/@tensorflow/tfjs-converter/-/tfjs-converter-3.18.0.tgz",
      "integrity": "sha512-hpChA+zVNQOVwRnCfqDb1WI9jbEAKA6DuEm4m75Zb3dIlE6VVooDmAaHBhlc++z2q2G1sBzF9A4Bv48SUpN6vA=="
    },
    "@tensorflow/tfjs-core": {
      "version": "3.18.0",
      "resolved": "https://repo.huaweicloud.com/repository/npm/@tensorflow/tfjs-core/-/tfjs-core-3.18.0.tgz",
      "integrity": "sha512-gMxisZozqsr5sCKlphF/eVBLg91MjlBiN60tjX8hJAu0WlSn6Gi5k65GNIL+Pq6hrxpvImcfdCmTH/2XJVZ0Mg==",
      "requires": {
        "@types/long": "^4.0.1",
        "@types/offscreencanvas": "~2019.3.0",
        "@types/seedrandom": "2.4.27",
        "@types/webgl-ext": "0.0.30",
        "@webgpu/types": "^0.1.16",
        "long": "4.0.0",
        "node-fetch": "~2.6.1",
        "seedrandom": "2.4.3"
      }
    },
    "@types/long": {
      "version": "4.0.2",
      "resolved": "https://repo.huaweicloud.com/repository/npm/@types/long/-/long-4.0.2.tgz",
      "integrity": "sha512-MqTGEo5bj5t157U6fA/BiDynNkn0YknVdh48CMPkTSpFTVmvao5UQmm7uEF6xBEo7qIMAlY/JSleYaE6VOdpaA=="
    },
    "@types/offscreencanvas": {
      "version": "2019.3.0",
      "resolved": "https://repo.huaweicloud.com/repository/npm/@types/offscreencanvas/-/offscreencanvas-2019.3.0.tgz",
      "integrity": "sha512-esIJx9bQg+QYF0ra8GnvfianIY8qWB0GBx54PK5Eps6m+xTj86KLavHv6qDhzKcu5UUOgNfJ2pWaIIV7TRUd9Q=="
    },
    "@types/seedrandom": {
      "version": "2.4.27",
      "resolved": "https://repo.huaweicloud.com/repository/npm/@types/seedrandom/-/seedrandom-2.4.27.tgz",
      "integrity": "sha512-YvMLqFak/7rt//lPBtEHv3M4sRNA+HGxrhFZ+DQs9K2IkYJbNwVIb8avtJfhDiuaUBX/AW0jnjv48FV8h3u9bQ=="
    },
    "@types/webgl-ext": {
      "version": "0.0.30",
      "resolved": "https://repo.huaweicloud.com/repository/npm/@types/webgl-ext/-/webgl-ext-0.0.30.tgz",
      "integrity": "sha512-LKVgNmBxN0BbljJrVUwkxwRYqzsAEPcZOe6S2T6ZaBDIrFp0qu4FNlpc5sM1tGbXUYFgdVQIoeLk1Y1UoblyEg=="
    },
    "@types/webgl2": {
      "version": "0.0.6",
      "resolved": "https://repo.huaweicloud.com/repository/npm/@types/webgl2/-/webgl2-0.0.6.tgz",
      "integrity": "sha512-50GQhDVTq/herLMiqSQkdtRu+d5q/cWHn4VvKJtrj4DJAjo1MNkWYa2MA41BaBO1q1HgsUjuQvEOk0QHvlnAaQ=="
    },
    "@webgpu/types": {
      "version": "0.1.20",
      "resolved": "https://repo.huaweicloud.com/repository/npm/@webgpu/types/-/types-0.1.20.tgz",
      "integrity": "sha512-MFb5oyxX+A7PWQNjcY3kSCSG2FAHaBo7IJBWtxWFgsS20FtY3D9UY7lYqLZ6avS8fSkdSylIS4qiHzFlQUdXag=="
    },
    "fetch-wechat": {
      "version": "0.0.3",
      "resolved": "https://repo.huaweicloud.com/repository/npm/fetch-wechat/-/fetch-wechat-0.0.3.tgz",
      "integrity": "sha512-uEvCnHSaM53AjYmtiU8n7dB3RO4JX4RBxF3lXNf+cBHr5NRclmTAr5XiRtLL2lSdBcRwvLixhnjwCRJhyEKZgQ=="
    },
    "long": {
      "version": "4.0.0",
      "resolved": "https://repo.huaweicloud.com/repository/npm/long/-/long-4.0.0.tgz",
      "integrity": "sha512-XsP+KhQif4bjX1kbuSiySJFNAehNxgLb6hPRGJ9QsUr8ajHkuXGdrHmFUTUUXhDwVX2R5bY4JNZEwbUiMhV+MA=="
    },
    "node-fetch": {
      "version": "2.6.7",
      "resolved": "https://repo.huaweicloud.com/repository/npm/node-fetch/-/node-fetch-2.6.7.tgz",
      "integrity": "sha512-ZjMPFEfVx5j+y2yF35Kzx5sF7kDzxuDj6ziH4FFbOp87zKDZNx8yExJIb05OGF4Nlt9IHFIMBkRl41VdvcNdbQ==",
      "requires": {
        "whatwg-url": "^5.0.0"
      }
    },
    "seedrandom": {
      "version": "2.4.3",
      "resolved": "https://repo.huaweicloud.com/repository/npm/seedrandom/-/seedrandom-2.4.3.tgz",
      "integrity": "sha512-2CkZ9Wn2dS4mMUWQaXLsOAfGD+irMlLEeSP3cMxpGbgyOOzJGFa+MWCOMTOCMyZinHRPxyOj/S/C57li/1to6Q=="
    },
    "tr46": {
      "version": "0.0.3",
      "resolved": "https://repo.huaweicloud.com/repository/npm/tr46/-/tr46-0.0.3.tgz",
      "integrity": "sha512-N3WMsuqV66lT30CrXNbEjx4GEwlow3v6rr4mCcv6prnfwhS01rkgyFdjPNBYd9br7LpXV1+Emh01fHnq2Gdgrw=="
    },
    "webidl-conversions": {
      "version": "3.0.1",
      "resolved": "https://repo.huaweicloud.com/repository/npm/webidl-conversions/-/webidl-conversions-3.0.1.tgz",
      "integrity": "sha512-2JAn3z8AR6rjK8Sm8orRC0h/bcl/DqL7tRPdGZ4I1CjdF+EaMLmYxBHyXuKL849eucPFhvBoxMsflfOb8kxaeQ=="
    },
    "whatwg-url": {
      "version": "5.0.0",
      "resolved": "https://repo.huaweicloud.com/repository/npm/whatwg-url/-/whatwg-url-5.0.0.tgz",
      "integrity": "sha512-saE57nupxk6v3HY35+jzBwYa0rKSy0XR8JSxZPwgLr7ys0IBzhGviA1/TUGJLmSVqs8pb9AnvICXEuOHLprYTw==",
      "requires": {
        "tr46": "~0.0.3",
        "webidl-conversions": "^3.0.0"
      }
    }
  }
}
